
Microsoft Visual Studio Solution File, Format Version 12.00
# Visual Studio Version 17
VisualStudioVersion = 17.11.35431.28
MinimumVisualStudioVersion = 10.0.40219.1
Project("{9A19103F-16F7-4668-BE54-9A1E7A4F7556}") = "CRM.API", "CRM.API\CRM.API.csproj", "{495B15A3-ECA5-45E7-B798-768A47D5C84E}"
EndProject
Project("{2150E333-8FDC-42A3-9474-1A3956D46DE8}") = "1 - API", "1 - API", "{6CC73A07-C1D1-4A37-950D-A4ED56EE9491}"
EndProject
Project("{2150E333-8FDC-42A3-9474-1A3956D46DE8}") = "2 - Application", "2 - Application", "{3DF3C185-E506-41E7-88AE-1A486ED49E2A}"
EndProject
Project("{2150E333-8FDC-42A3-9474-1A3956D46DE8}") = "4 - Infrastructure", "4 - Infrastructure", "{F46088DE-65F3-4A68-BD01-37352A2B22CC}"
EndProject
Project("{2150E333-8FDC-42A3-9474-1A3956D46DE8}") = "3 - Domain", "3 - Domain", "{445B9085-01F5-4706-9243-E25417FA1D54}"
EndProject
Project("{9A19103F-16F7-4668-BE54-9A1E7A4F7556}") = "CRM.Application", "..\CRM.Application\CRM.Application.csproj", "{B14FDC0C-3A87-4B33-9FAE-77EF9A255E32}"
EndProject
Project("{9A19103F-16F7-4668-BE54-9A1E7A4F7556}") = "CRM.Domain", "CRM.Domain\CRM.Domain.csproj", "{F0825B8C-E09D-465C-B954-EE3F9170BE47}"
EndProject
Project("{9A19103F-16F7-4668-BE54-9A1E7A4F7556}") = "CRM.Infrastructure.Data", "CRM.Infrastructure\CRM.Infrastructure.Data.csproj", "{B833C039-D20B-4C5C-8CAE-44C41ED88529}"
EndProject
Project("{2150E333-8FDC-42A3-9474-1A3956D46DE8}") = "1 - Abstractions", "1 - Abstractions", "{BA094DA8-32FF-4739-9A47-0BF6CAEA2387}"
EndProject
Project("{9A19103F-16F7-4668-BE54-9A1E7A4F7556}") = "RMB.Abstractions", "..\..\..\RMB\RMB.Abstractions\RMB.Abstractions.csproj", "{5413A037-4D9F-4533-B2E6-6DDC44A58824}"
EndProject
Project("{2150E333-8FDC-42A3-9474-1A3956D46DE8}") = "5 - RMB", "5 - RMB", "{551D8E2E-02E8-436B-A46C-801464BF5466}"
EndProject
Project("{2150E333-8FDC-42A3-9474-1A3956D46DE8}") = "2 - Core", "2 - Core", "{2A712727-591F-4C0E-B9BE-ADE15A6E93CE}"
EndProject
Project("{FAE04EC0-301F-11D3-BF4B-00C04F79EFBC}") = "RMB.Core", "..\..\..\RMB\RMB.Core\RMB.Core.csproj", "{FA11AB76-99EB-462C-BA68-94BB35794DBD}"
EndProject
Project("{2150E333-8FDC-42A3-9474-1A3956D46DE8}") = "3 - Responses", "3 - Responses", "{02EA681E-C7D8-13C7-8484-4AC65E1B71E8}"
EndProject
Project("{FAE04EC0-301F-11D3-BF4B-00C04F79EFBC}") = "RMB.Responses", "..\..\..\RMB\RMB.Responses\RMB.Responses.csproj", "{825B6FE0-3B4C-477F-A2D4-F2D23073E2BE}"
EndProject
Global
	GlobalSection(SolutionConfigurationPlatforms) = preSolution
		Debug|Any CPU = Debug|Any CPU
		Release|Any CPU = Release|Any CPU
	EndGlobalSection
	GlobalSection(ProjectConfigurationPlatforms) = postSolution
		{495B15A3-ECA5-45E7-B798-768A47D5C84E}.Debug|Any CPU.ActiveCfg = Debug|Any CPU
		{495B15A3-ECA5-45E7-B798-768A47D5C84E}.Debug|Any CPU.Build.0 = Debug|Any CPU
		{495B15A3-ECA5-45E7-B798-768A47D5C84E}.Release|Any CPU.ActiveCfg = Release|Any CPU
		{495B15A3-ECA5-45E7-B798-768A47D5C84E}.Release|Any CPU.Build.0 = Release|Any CPU
		{B14FDC0C-3A87-4B33-9FAE-77EF9A255E32}.Debug|Any CPU.ActiveCfg = Debug|Any CPU
		{B14FDC0C-3A87-4B33-9FAE-77EF9A255E32}.Debug|Any CPU.Build.0 = Debug|Any CPU
		{B14FDC0C-3A87-4B33-9FAE-77EF9A255E32}.Release|Any CPU.ActiveCfg = Release|Any CPU
		{B14FDC0C-3A87-4B33-9FAE-77EF9A255E32}.Release|Any CPU.Build.0 = Release|Any CPU
		{F0825B8C-E09D-465C-B954-EE3F9170BE47}.Debug|Any CPU.ActiveCfg = Debug|Any CPU
		{F0825B8C-E09D-465C-B954-EE3F9170BE47}.Debug|Any CPU.Build.0 = Debug|Any CPU
		{F0825B8C-E09D-465C-B954-EE3F9170BE47}.Release|Any CPU.ActiveCfg = Release|Any CPU
		{F0825B8C-E09D-465C-B954-EE3F9170BE47}.Release|Any CPU.Build.0 = Release|Any CPU
		{B833C039-D20B-4C5C-8CAE-44C41ED88529}.Debug|Any CPU.ActiveCfg = Debug|Any CPU
		{B833C039-D20B-4C5C-8CAE-44C41ED88529}.Debug|Any CPU.Build.0 = Debug|Any CPU
		{B833C039-D20B-4C5C-8CAE-44C41ED88529}.Release|Any CPU.ActiveCfg = Release|Any CPU
		{B833C039-D20B-4C5C-8CAE-44C41ED88529}.Release|Any CPU.Build.0 = Release|Any CPU
		{5413A037-4D9F-4533-B2E6-6DDC44A58824}.Debug|Any CPU.ActiveCfg = Debug|Any CPU
		{5413A037-4D9F-4533-B2E6-6DDC44A58824}.Debug|Any CPU.Build.0 = Debug|Any CPU
		{5413A037-4D9F-4533-B2E6-6DDC44A58824}.Release|Any CPU.ActiveCfg = Release|Any CPU
		{5413A037-4D9F-4533-B2E6-6DDC44A58824}.Release|Any CPU.Build.0 = Release|Any CPU
		{FA11AB76-99EB-462C-BA68-94BB35794DBD}.Debug|Any CPU.ActiveCfg = Debug|Any CPU
		{FA11AB76-99EB-462C-BA68-94BB35794DBD}.Debug|Any CPU.Build.0 = Debug|Any CPU
		{FA11AB76-99EB-462C-BA68-94BB35794DBD}.Release|Any CPU.ActiveCfg = Release|Any CPU
		{FA11AB76-99EB-462C-BA68-94BB35794DBD}.Release|Any CPU.Build.0 = Release|Any CPU
		{825B6FE0-3B4C-477F-A2D4-F2D23073E2BE}.Debug|Any CPU.ActiveCfg = Debug|Any CPU
		{825B6FE0-3B4C-477F-A2D4-F2D23073E2BE}.Debug|Any CPU.Build.0 = Debug|Any CPU
		{825B6FE0-3B4C-477F-A2D4-F2D23073E2BE}.Release|Any CPU.ActiveCfg = Release|Any CPU
		{825B6FE0-3B4C-477F-A2D4-F2D23073E2BE}.Release|Any CPU.Build.0 = Release|Any CPU
	EndGlobalSection
	GlobalSection(SolutionProperties) = preSolution
		HideSolutionNode = FALSE
	EndGlobalSection
	GlobalSection(NestedProjects) = preSolution
		{495B15A3-ECA5-45E7-B798-768A47D5C84E} = {6CC73A07-C1D1-4A37-950D-A4ED56EE9491}
		{B14FDC0C-3A87-4B33-9FAE-77EF9A255E32} = {3DF3C185-E506-41E7-88AE-1A486ED49E2A}
		{F0825B8C-E09D-465C-B954-EE3F9170BE47} = {445B9085-01F5-4706-9243-E25417FA1D54}
		{B833C039-D20B-4C5C-8CAE-44C41ED88529} = {F46088DE-65F3-4A68-BD01-37352A2B22CC}
		{BA094DA8-32FF-4739-9A47-0BF6CAEA2387} = {551D8E2E-02E8-436B-A46C-801464BF5466}
		{5413A037-4D9F-4533-B2E6-6DDC44A58824} = {BA094DA8-32FF-4739-9A47-0BF6CAEA2387}
		{2A712727-591F-4C0E-B9BE-ADE15A6E93CE} = {551D8E2E-02E8-436B-A46C-801464BF5466}
		{FA11AB76-99EB-462C-BA68-94BB35794DBD} = {2A712727-591F-4C0E-B9BE-ADE15A6E93CE}
		{02EA681E-C7D8-13C7-8484-4AC65E1B71E8} = {551D8E2E-02E8-436B-A46C-801464BF5466}
		{825B6FE0-3B4C-477F-A2D4-F2D23073E2BE} = {02EA681E-C7D8-13C7-8484-4AC65E1B71E8}
	EndGlobalSection
	GlobalSection(ExtensibilityGlobals) = postSolution
		SolutionGuid = {6A84A7C1-84F3-4EEB-A0F3-FBAAE0971DC5}
	EndGlobalSection
EndGlobal
